
Microsoft Visual Studio Solution File, Format Version 12.00
# Visual Studio Version 17
VisualStudioVersion = 17.9.34728.123
MinimumVisualStudioVersion = 10.0.40219.1
Project("{FAE04EC0-301F-11D3-BF4B-00C04F79EFBC}") = "jenkens", "jenkens\jenkens.csproj", "{88DFAFAC-95A7-451D-8858-22917A2396CC}"
EndProject
Global
	GlobalSection(SolutionConfigurationPlatforms) = preSolution
		Debug|Any CPU = Debug|Any CPU
		Release|Any CPU = Release|Any CPU
	EndGlobalSection
	GlobalSection(ProjectConfigurationPlatforms) = postSolution
		{88DFAFAC-95A7-451D-8858-22917A2396CC}.Debug|Any CPU.ActiveCfg = Debug|Any CPU
		{88DFAFAC-95A7-451D-8858-22917A2396CC}.Debug|Any CPU.Build.0 = Debug|Any CPU
		{88DFAFAC-95A7-451D-8858-22917A2396CC}.Release|Any CPU.ActiveCfg = Release|Any CPU
		{88DFAFAC-95A7-451D-8858-22917A2396CC}.Release|Any CPU.Build.0 = Release|Any CPU
	EndGlobalSection
	GlobalSection(SolutionProperties) = preSolution
		HideSolutionNode = FALSE
	EndGlobalSection
	GlobalSection(ExtensibilityGlobals) = postSolution
		SolutionGuid = {39797CE7-F454-48F1-BE9B-C6830ADE9BE8}
	EndGlobalSection
EndGlobal
